
Microsoft Visual Studio Solution File, Format Version 12.00
Project("{FAE04EC0-301F-11D3-BF4B-00C04F79EFBC}") = "DeepDrftWeb", "DeepDrftWeb\DeepDrftWeb.csproj", "{7E629215-7EF7-465D-B7F2-2CED53C4BFEC}"
EndProject
Project("{FAE04EC0-301F-11D3-BF4B-00C04F79EFBC}") = "DeepDrftWeb.Client", "DeepDrftWeb.Client\DeepDrftWeb.Client.csproj", "{E76D21B4-308B-487B-B8D6-59D6AE49F1F7}"
EndProject
Project("{FAE04EC0-301F-11D3-BF4B-00C04F79EFBC}") = "DeepDrftModels", "DeepDrftModels\DeepDrftModels.csproj", "{10CE5160-16C3-4CB1-9E2E-52467BA80B4B}"
EndProject
Project("{FAE04EC0-301F-11D3-BF4B-00C04F79EFBC}") = "DeepDrftContent", "DeepDrftContent\DeepDrftContent.csproj", "{C79AFD08-02C0-45D2-A98A-FCDDFBEAE155}"
EndProject
Project("{FAE04EC0-301F-11D3-BF4B-00C04F79EFBC}") = "NetBlocks", "C:\lib\NetBlocks\NetBlocks.csproj", "{EEB3A665-B8AD-4C00-A41E-B9D8AFE1BBA8}"
EndProject
Project("{FAE04EC0-301F-11D3-BF4B-00C04F79EFBC}") = "DeepDrftTests", "DeepDrftTests\DeepDrftTests.csproj", "{47E99024-491B-47A6-BAF8-9E5814366DB2}"
EndProject
Project("{FAE04EC0-301F-11D3-BF4B-00C04F79EFBC}") = "DeepDrftCli", "DeepDrftCli\DeepDrftCli.csproj", "{E4C0ADD6-1264-47A5-98E1-0843AD14B7F9}"
EndProject
Project("{FAE04EC0-301F-11D3-BF4B-00C04F79EFBC}") = "DeepDrftWeb.Services", "DeepDrftWeb.Services\DeepDrftWeb.Services.csproj", "{1D1CE905-DAD0-4E93-9B09-326E8EC05877}"
EndProject
Project("{FAE04EC0-301F-11D3-BF4B-00C04F79EFBC}") = "DeepDrftContent.Services", "DeepDrftContent.Services\DeepDrftContent.Services.csproj", "{4D025326-7F27-4C42-BE0F-92C1E64E0696}"
EndProject
Global
	GlobalSection(SolutionConfigurationPlatforms) = preSolution
		Debug|Any CPU = Debug|Any CPU
		Debug|x64 = Debug|x64
		Debug|x86 = Debug|x86
		Release|Any CPU = Release|Any CPU
		Release|x64 = Release|x64
		Release|x86 = Release|x86
	EndGlobalSection
	GlobalSection(ProjectConfigurationPlatforms) = postSolution
		{7E629215-7EF7-465D-B7F2-2CED53C4BFEC}.Debug|Any CPU.ActiveCfg = Debug|Any CPU
		{7E629215-7EF7-465D-B7F2-2CED53C4BFEC}.Debug|Any CPU.Build.0 = Debug|Any CPU
		{7E629215-7EF7-465D-B7F2-2CED53C4BFEC}.Debug|x64.ActiveCfg = Debug|Any CPU
		{7E629215-7EF7-465D-B7F2-2CED53C4BFEC}.Debug|x64.Build.0 = Debug|Any CPU
		{7E629215-7EF7-465D-B7F2-2CED53C4BFEC}.Debug|x86.ActiveCfg = Debug|Any CPU
		{7E629215-7EF7-465D-B7F2-2CED53C4BFEC}.Debug|x86.Build.0 = Debug|Any CPU
		{7E629215-7EF7-465D-B7F2-2CED53C4BFEC}.Release|Any CPU.ActiveCfg = Release|Any CPU
		{7E629215-7EF7-465D-B7F2-2CED53C4BFEC}.Release|Any CPU.Build.0 = Release|Any CPU
		{7E629215-7EF7-465D-B7F2-2CED53C4BFEC}.Release|x64.ActiveCfg = Release|Any CPU
		{7E629215-7EF7-465D-B7F2-2CED53C4BFEC}.Release|x64.Build.0 = Release|Any CPU
		{7E629215-7EF7-465D-B7F2-2CED53C4BFEC}.Release|x86.ActiveCfg = Release|Any CPU
		{7E629215-7EF7-465D-B7F2-2CED53C4BFEC}.Release|x86.Build.0 = Release|Any CPU
		{E76D21B4-308B-487B-B8D6-59D6AE49F1F7}.Debug|Any CPU.ActiveCfg = Debug|Any CPU
		{E76D21B4-308B-487B-B8D6-59D6AE49F1F7}.Debug|Any CPU.Build.0 = Debug|Any CPU
		{E76D21B4-308B-487B-B8D6-59D6AE49F1F7}.Debug|x64.ActiveCfg = Debug|Any CPU
		{E76D21B4-308B-487B-B8D6-59D6AE49F1F7}.Debug|x64.Build.0 = Debug|Any CPU
		{E76D21B4-308B-487B-B8D6-59D6AE49F1F7}.Debug|x86.ActiveCfg = Debug|Any CPU
		{E76D21B4-308B-487B-B8D6-59D6AE49F1F7}.Debug|x86.Build.0 = Debug|Any CPU
		{E76D21B4-308B-487B-B8D6-59D6AE49F1F7}.Release|Any CPU.ActiveCfg = Release|Any CPU
		{E76D21B4-308B-487B-B8D6-59D6AE49F1F7}.Release|Any CPU.Build.0 = Release|Any CPU
		{E76D21B4-308B-487B-B8D6-59D6AE49F1F7}.Release|x64.ActiveCfg = Release|Any CPU
		{E76D21B4-308B-487B-B8D6-59D6AE49F1F7}.Release|x64.Build.0 = Release|Any CPU
		{E76D21B4-308B-487B-B8D6-59D6AE49F1F7}.Release|x86.ActiveCfg = Release|Any CPU
		{E76D21B4-308B-487B-B8D6-59D6AE49F1F7}.Release|x86.Build.0 = Release|Any CPU
		{10CE5160-16C3-4CB1-9E2E-52467BA80B4B}.Debug|Any CPU.ActiveCfg = Debug|Any CPU
		{10CE5160-16C3-4CB1-9E2E-52467BA80B4B}.Debug|Any CPU.Build.0 = Debug|Any CPU
		{10CE5160-16C3-4CB1-9E2E-52467BA80B4B}.Debug|x64.ActiveCfg = Debug|Any CPU
		{10CE5160-16C3-4CB1-9E2E-52467BA80B4B}.Debug|x64.Build.0 = Debug|Any CPU
		{10CE5160-16C3-4CB1-9E2E-52467BA80B4B}.Debug|x86.ActiveCfg = Debug|Any CPU
		{10CE5160-16C3-4CB1-9E2E-52467BA80B4B}.Debug|x86.Build.0 = Debug|Any CPU
		{10CE5160-16C3-4CB1-9E2E-52467BA80B4B}.Release|Any CPU.ActiveCfg = Release|Any CPU
		{10CE5160-16C3-4CB1-9E2E-52467BA80B4B}.Release|Any CPU.Build.0 = Release|Any CPU
		{10CE5160-16C3-4CB1-9E2E-52467BA80B4B}.Release|x64.ActiveCfg = Release|Any CPU
		{10CE5160-16C3-4CB1-9E2E-52467BA80B4B}.Release|x64.Build.0 = Release|Any CPU
		{10CE5160-16C3-4CB1-9E2E-52467BA80B4B}.Release|x86.ActiveCfg = Release|Any CPU
		{10CE5160-16C3-4CB1-9E2E-52467BA80B4B}.Release|x86.Build.0 = Release|Any CPU
		{C79AFD08-02C0-45D2-A98A-FCDDFBEAE155}.Debug|Any CPU.ActiveCfg = Debug|Any CPU
		{C79AFD08-02C0-45D2-A98A-FCDDFBEAE155}.Debug|Any CPU.Build.0 = Debug|Any CPU
		{C79AFD08-02C0-45D2-A98A-FCDDFBEAE155}.Debug|x64.ActiveCfg = Debug|Any CPU
		{C79AFD08-02C0-45D2-A98A-FCDDFBEAE155}.Debug|x64.Build.0 = Debug|Any CPU
		{C79AFD08-02C0-45D2-A98A-FCDDFBEAE155}.Debug|x86.ActiveCfg = Debug|Any CPU
		{C79AFD08-02C0-45D2-A98A-FCDDFBEAE155}.Debug|x86.Build.0 = Debug|Any CPU
		{C79AFD08-02C0-45D2-A98A-FCDDFBEAE155}.Release|Any CPU.ActiveCfg = Release|Any CPU
		{C79AFD08-02C0-45D2-A98A-FCDDFBEAE155}.Release|Any CPU.Build.0 = Release|Any CPU
		{C79AFD08-02C0-45D2-A98A-FCDDFBEAE155}.Release|x64.ActiveCfg = Release|Any CPU
		{C79AFD08-02C0-45D2-A98A-FCDDFBEAE155}.Release|x64.Build.0 = Release|Any CPU
		{C79AFD08-02C0-45D2-A98A-FCDDFBEAE155}.Release|x86.ActiveCfg = Release|Any CPU
		{C79AFD08-02C0-45D2-A98A-FCDDFBEAE155}.Release|x86.Build.0 = Release|Any CPU
		{EEB3A665-B8AD-4C00-A41E-B9D8AFE1BBA8}.Debug|Any CPU.ActiveCfg = Debug|Any CPU
		{EEB3A665-B8AD-4C00-A41E-B9D8AFE1BBA8}.Debug|Any CPU.Build.0 = Debug|Any CPU
		{EEB3A665-B8AD-4C00-A41E-B9D8AFE1BBA8}.Debug|x64.ActiveCfg = Debug|Any CPU
		{EEB3A665-B8AD-4C00-A41E-B9D8AFE1BBA8}.Debug|x64.Build.0 = Debug|Any CPU
		{EEB3A665-B8AD-4C00-A41E-B9D8AFE1BBA8}.Debug|x86.ActiveCfg = Debug|Any CPU
		{EEB3A665-B8AD-4C00-A41E-B9D8AFE1BBA8}.Debug|x86.Build.0 = Debug|Any CPU
		{EEB3A665-B8AD-4C00-A41E-B9D8AFE1BBA8}.Release|Any CPU.ActiveCfg = Release|Any CPU
		{EEB3A665-B8AD-4C00-A41E-B9D8AFE1BBA8}.Release|Any CPU.Build.0 = Release|Any CPU
		{EEB3A665-B8AD-4C00-A41E-B9D8AFE1BBA8}.Release|x64.ActiveCfg = Release|Any CPU
		{EEB3A665-B8AD-4C00-A41E-B9D8AFE1BBA8}.Release|x64.Build.0 = Release|Any CPU
		{EEB3A665-B8AD-4C00-A41E-B9D8AFE1BBA8}.Release|x86.ActiveCfg = Release|Any CPU
		{EEB3A665-B8AD-4C00-A41E-B9D8AFE1BBA8}.Release|x86.Build.0 = Release|Any CPU
		{47E99024-491B-47A6-BAF8-9E5814366DB2}.Debug|Any CPU.ActiveCfg = Debug|Any CPU
		{47E99024-491B-47A6-BAF8-9E5814366DB2}.Debug|Any CPU.Build.0 = Debug|Any CPU
		{47E99024-491B-47A6-BAF8-9E5814366DB2}.Debug|x64.ActiveCfg = Debug|Any CPU
		{47E99024-491B-47A6-BAF8-9E5814366DB2}.Debug|x64.Build.0 = Debug|Any CPU
		{47E99024-491B-47A6-BAF8-9E5814366DB2}.Debug|x86.ActiveCfg = Debug|Any CPU
		{47E99024-491B-47A6-BAF8-9E5814366DB2}.Debug|x86.Build.0 = Debug|Any CPU
		{47E99024-491B-47A6-BAF8-9E5814366DB2}.Release|Any CPU.ActiveCfg = Release|Any CPU
		{47E99024-491B-47A6-BAF8-9E5814366DB2}.Release|Any CPU.Build.0 = Release|Any CPU
		{47E99024-491B-47A6-BAF8-9E5814366DB2}.Release|x64.ActiveCfg = Release|Any CPU
		{47E99024-491B-47A6-BAF8-9E5814366DB2}.Release|x64.Build.0 = Release|Any CPU
		{47E99024-491B-47A6-BAF8-9E5814366DB2}.Release|x86.ActiveCfg = Release|Any CPU
		{47E99024-491B-47A6-BAF8-9E5814366DB2}.Release|x86.Build.0 = Release|Any CPU
		{E4C0ADD6-1264-47A5-98E1-0843AD14B7F9}.Debug|Any CPU.ActiveCfg = Debug|Any CPU
		{E4C0ADD6-1264-47A5-98E1-0843AD14B7F9}.Debug|Any CPU.Build.0 = Debug|Any CPU
		{E4C0ADD6-1264-47A5-98E1-0843AD14B7F9}.Debug|x64.ActiveCfg = Debug|Any CPU
		{E4C0ADD6-1264-47A5-98E1-0843AD14B7F9}.Debug|x64.Build.0 = Debug|Any CPU
		{E4C0ADD6-1264-47A5-98E1-0843AD14B7F9}.Debug|x86.ActiveCfg = Debug|Any CPU
		{E4C0ADD6-1264-47A5-98E1-0843AD14B7F9}.Debug|x86.Build.0 = Debug|Any CPU
		{E4C0ADD6-1264-47A5-98E1-0843AD14B7F9}.Release|Any CPU.ActiveCfg = Release|Any CPU
		{E4C0ADD6-1264-47A5-98E1-0843AD14B7F9}.Release|Any CPU.Build.0 = Release|Any CPU
		{E4C0ADD6-1264-47A5-98E1-0843AD14B7F9}.Release|x64.ActiveCfg = Release|Any CPU
		{E4C0ADD6-1264-47A5-98E1-0843AD14B7F9}.Release|x64.Build.0 = Release|Any CPU
		{E4C0ADD6-1264-47A5-98E1-0843AD14B7F9}.Release|x86.ActiveCfg = Release|Any CPU
		{E4C0ADD6-1264-47A5-98E1-0843AD14B7F9}.Release|x86.Build.0 = Release|Any CPU
		{1D1CE905-DAD0-4E93-9B09-326E8EC05877}.Debug|Any CPU.ActiveCfg = Debug|Any CPU
		{1D1CE905-DAD0-4E93-9B09-326E8EC05877}.Debug|Any CPU.Build.0 = Debug|Any CPU
		{1D1CE905-DAD0-4E93-9B09-326E8EC05877}.Debug|x64.ActiveCfg = Debug|Any CPU
		{1D1CE905-DAD0-4E93-9B09-326E8EC05877}.Debug|x64.Build.0 = Debug|Any CPU
		{1D1CE905-DAD0-4E93-9B09-326E8EC05877}.Debug|x86.ActiveCfg = Debug|Any CPU
		{1D1CE905-DAD0-4E93-9B09-326E8EC05877}.Debug|x86.Build.0 = Debug|Any CPU
		{1D1CE905-DAD0-4E93-9B09-326E8EC05877}.Release|Any CPU.ActiveCfg = Release|Any CPU
		{1D1CE905-DAD0-4E93-9B09-326E8EC05877}.Release|Any CPU.Build.0 = Release|Any CPU
		{1D1CE905-DAD0-4E93-9B09-326E8EC05877}.Release|x64.ActiveCfg = Release|Any CPU
		{1D1CE905-DAD0-4E93-9B09-326E8EC05877}.Release|x64.Build.0 = Release|Any CPU
		{1D1CE905-DAD0-4E93-9B09-326E8EC05877}.Release|x86.ActiveCfg = Release|Any CPU
		{1D1CE905-DAD0-4E93-9B09-326E8EC05877}.Release|x86.Build.0 = Release|Any CPU
		{4D025326-7F27-4C42-BE0F-92C1E64E0696}.Debug|Any CPU.ActiveCfg = Debug|Any CPU
		{4D025326-7F27-4C42-BE0F-92C1E64E0696}.Debug|Any CPU.Build.0 = Debug|Any CPU
		{4D025326-7F27-4C42-BE0F-92C1E64E0696}.Debug|x64.ActiveCfg = Debug|Any CPU
		{4D025326-7F27-4C42-BE0F-92C1E64E0696}.Debug|x64.Build.0 = Debug|Any CPU
		{4D025326-7F27-4C42-BE0F-92C1E64E0696}.Debug|x86.ActiveCfg = Debug|Any CPU
		{4D025326-7F27-4C42-BE0F-92C1E64E0696}.Debug|x86.Build.0 = Debug|Any CPU
		{4D025326-7F27-4C42-BE0F-92C1E64E0696}.Release|Any CPU.ActiveCfg = Release|Any CPU
		{4D025326-7F27-4C42-BE0F-92C1E64E0696}.Release|Any CPU.Build.0 = Release|Any CPU
		{4D025326-7F27-4C42-BE0F-92C1E64E0696}.Release|x64.ActiveCfg = Release|Any CPU
		{4D025326-7F27-4C42-BE0F-92C1E64E0696}.Release|x64.Build.0 = Release|Any CPU
		{4D025326-7F27-4C42-BE0F-92C1E64E0696}.Release|x86.ActiveCfg = Release|Any CPU
		{4D025326-7F27-4C42-BE0F-92C1E64E0696}.Release|x86.Build.0 = Release|Any CPU
	EndGlobalSection
	GlobalSection(SolutionProperties) = preSolution
		HideSolutionNode = FALSE
	EndGlobalSection
EndGlobal
