
Microsoft Visual Studio Solution File, Format Version 12.00
Project("{FAE04EC0-301F-11D3-BF4B-00C04F79EFBC}") = "DeepDrftWeb", "DeepDrftWeb\DeepDrftWeb.csproj", "{7E629215-7EF7-465D-B7F2-2CED53C4BFEC}"
EndProject
Project("{FAE04EC0-301F-11D3-BF4B-00C04F79EFBC}") = "DeepDrftWeb.Client", "DeepDrftWeb.Client\DeepDrftWeb.Client.csproj", "{E76D21B4-308B-487B-B8D6-59D6AE49F1F7}"
EndProject
Project("{FAE04EC0-301F-11D3-BF4B-00C04F79EFBC}") = "DeepDrftModels", "DeepDrftModels\DeepDrftModels.csproj", "{10CE5160-16C3-4CB1-9E2E-52467BA80B4B}"
EndProject
Project("{FAE04EC0-301F-11D3-BF4B-00C04F79EFBC}") = "DeepDrftContent", "DeepDrftContent\DeepDrftContent.csproj", "{C79AFD08-02C0-45D2-A98A-FCDDFBEAE155}"
EndProject
Project("{FAE04EC0-301F-11D3-BF4B-00C04F79EFBC}") = "NetBlocks", "C:\lib\NetBlocks\NetBlocks.csproj", "{EEB3A665-B8AD-4C00-A41E-B9D8AFE1BBA8}"
EndProject
Global
	GlobalSection(SolutionConfigurationPlatforms) = preSolution
		Debug|Any CPU = Debug|Any CPU
		Release|Any CPU = Release|Any CPU
	EndGlobalSection
	GlobalSection(ProjectConfigurationPlatforms) = postSolution
		{7E629215-7EF7-465D-B7F2-2CED53C4BFEC}.Debug|Any CPU.ActiveCfg = Debug|Any CPU
		{7E629215-7EF7-465D-B7F2-2CED53C4BFEC}.Debug|Any CPU.Build.0 = Debug|Any CPU
		{7E629215-7EF7-465D-B7F2-2CED53C4BFEC}.Release|Any CPU.ActiveCfg = Release|Any CPU
		{7E629215-7EF7-465D-B7F2-2CED53C4BFEC}.Release|Any CPU.Build.0 = Release|Any CPU
		{E76D21B4-308B-487B-B8D6-59D6AE49F1F7}.Debug|Any CPU.ActiveCfg = Debug|Any CPU
		{E76D21B4-308B-487B-B8D6-59D6AE49F1F7}.Debug|Any CPU.Build.0 = Debug|Any CPU
		{E76D21B4-308B-487B-B8D6-59D6AE49F1F7}.Release|Any CPU.ActiveCfg = Release|Any CPU
		{E76D21B4-308B-487B-B8D6-59D6AE49F1F7}.Release|Any CPU.Build.0 = Release|Any CPU
		{10CE5160-16C3-4CB1-9E2E-52467BA80B4B}.Debug|Any CPU.ActiveCfg = Debug|Any CPU
		{10CE5160-16C3-4CB1-9E2E-52467BA80B4B}.Debug|Any CPU.Build.0 = Debug|Any CPU
		{10CE5160-16C3-4CB1-9E2E-52467BA80B4B}.Release|Any CPU.ActiveCfg = Release|Any CPU
		{10CE5160-16C3-4CB1-9E2E-52467BA80B4B}.Release|Any CPU.Build.0 = Release|Any CPU
		{C79AFD08-02C0-45D2-A98A-FCDDFBEAE155}.Debug|Any CPU.ActiveCfg = Debug|Any CPU
		{C79AFD08-02C0-45D2-A98A-FCDDFBEAE155}.Debug|Any CPU.Build.0 = Debug|Any CPU
		{C79AFD08-02C0-45D2-A98A-FCDDFBEAE155}.Release|Any CPU.ActiveCfg = Release|Any CPU
		{C79AFD08-02C0-45D2-A98A-FCDDFBEAE155}.Release|Any CPU.Build.0 = Release|Any CPU
		{EEB3A665-B8AD-4C00-A41E-B9D8AFE1BBA8}.Debug|Any CPU.ActiveCfg = Debug|Any CPU
		{EEB3A665-B8AD-4C00-A41E-B9D8AFE1BBA8}.Debug|Any CPU.Build.0 = Debug|Any CPU
		{EEB3A665-B8AD-4C00-A41E-B9D8AFE1BBA8}.Release|Any CPU.ActiveCfg = Release|Any CPU
		{EEB3A665-B8AD-4C00-A41E-B9D8AFE1BBA8}.Release|Any CPU.Build.0 = Release|Any CPU
	EndGlobalSection
EndGlobal
